// !$*UTF8*$!
{
	archiveVersion = 1;
	classes = {
	};
	objectVersion = 46;
	objects = {

/* Begin PBXBuildFile section */
		282D75C9F3DEFB5C28418E02 /* Pods_Accolade_Connect.framework in Frameworks */ = {isa = PBXBuildFile; fileRef = 2E707BE4CAE8F7F83E7E40D1 /* Pods_Accolade_Connect.framework */; };
		CD33B2721C87312800B4773A /* AppDelegate.swift in Sources */ = {isa = PBXBuildFile; fileRef = CD33B2711C87312800B4773A /* AppDelegate.swift */; };
		CD33B2771C87312800B4773A /* Main.storyboard in Resources */ = {isa = PBXBuildFile; fileRef = CD33B2751C87312800B4773A /* Main.storyboard */; };
		CD33B2791C87312800B4773A /* Assets.xcassets in Resources */ = {isa = PBXBuildFile; fileRef = CD33B2781C87312800B4773A /* Assets.xcassets */; };
		CD33B27C1C87312800B4773A /* LaunchScreen.storyboard in Resources */ = {isa = PBXBuildFile; fileRef = CD33B27A1C87312800B4773A /* LaunchScreen.storyboard */; };
		CD33B2871C87312800B4773A /* Accolade_ConnectTests.swift in Sources */ = {isa = PBXBuildFile; fileRef = CD33B2861C87312800B4773A /* Accolade_ConnectTests.swift */; };
		CD33B2921C87312800B4773A /* Accolade_ConnectUITests.swift in Sources */ = {isa = PBXBuildFile; fileRef = CD33B2911C87312800B4773A /* Accolade_ConnectUITests.swift */; };
		CD33B2A71C8732FF00B4773A /* ClientMainController.swift in Sources */ = {isa = PBXBuildFile; fileRef = CD33B2A41C8732FF00B4773A /* ClientMainController.swift */; };
		CD33B2A81C8732FF00B4773A /* LoginController.swift in Sources */ = {isa = PBXBuildFile; fileRef = CD33B2A51C8732FF00B4773A /* LoginController.swift */; };
		CD33B2A91C8732FF00B4773A /* SignupController.swift in Sources */ = {isa = PBXBuildFile; fileRef = CD33B2A61C8732FF00B4773A /* SignupController.swift */; };
		CD33B2AC1C87338A00B4773A /* DataService.swift in Sources */ = {isa = PBXBuildFile; fileRef = CD33B2AB1C87338A00B4773A /* DataService.swift */; };
		CD33B2B01C8733AE00B4773A /* Constants.swift in Sources */ = {isa = PBXBuildFile; fileRef = CD33B2AF1C8733AE00B4773A /* Constants.swift */; };
		CD33B2B21C87B85800B4773A /* SessionManager.swift in Sources */ = {isa = PBXBuildFile; fileRef = CD33B2B11C87B85800B4773A /* SessionManager.swift */; };
		CD33B2B61C87CA0300B4773A /* UserProfile.swift in Sources */ = {isa = PBXBuildFile; fileRef = CD33B2B51C87CA0300B4773A /* UserProfile.swift */; };
		CD33B2B81C87D44B00B4773A /* HAProfile.swift in Sources */ = {isa = PBXBuildFile; fileRef = CD33B2B71C87D44B00B4773A /* HAProfile.swift */; };
		CD33B2BB1C8F08D400B4773A /* UITextView+Utility.swift in Sources */ = {isa = PBXBuildFile; fileRef = CD33B2BA1C8F08D400B4773A /* UITextView+Utility.swift */; };
		CD33B2BE1C9371D400B4773A /* HAMainController.swift in Sources */ = {isa = PBXBuildFile; fileRef = CD33B2BD1C9371D400B4773A /* HAMainController.swift */; };
		CD33B2C11C94D51100B4773A /* DK Keswick.otf in Resources */ = {isa = PBXBuildFile; fileRef = CD33B2C01C94D51100B4773A /* DK Keswick.otf */; };
		CD7FC3671C9EFBAC007B4AA1 /* MessageController.swift in Sources */ = {isa = PBXBuildFile; fileRef = CD7FC3661C9EFBAC007B4AA1 /* MessageController.swift */; };
		CD7FC3691C9EFC38007B4AA1 /* ChatMessage.swift in Sources */ = {isa = PBXBuildFile; fileRef = CD7FC3681C9EFC38007B4AA1 /* ChatMessage.swift */; };
		CD7FC36C1C9F6C85007B4AA1 /* DataProcessorTests.swift in Sources */ = {isa = PBXBuildFile; fileRef = CD7FC36B1C9F6C85007B4AA1 /* DataProcessorTests.swift */; };
/* End PBXBuildFile section */

/* Begin PBXContainerItemProxy section */
		CD33B2831C87312800B4773A /* PBXContainerItemProxy */ = {
			isa = PBXContainerItemProxy;
			containerPortal = CD33B2661C87312800B4773A /* Project object */;
			proxyType = 1;
			remoteGlobalIDString = CD33B26D1C87312800B4773A;
			remoteInfo = "Accolade Connect";
		};
		CD33B28E1C87312800B4773A /* PBXContainerItemProxy */ = {
			isa = PBXContainerItemProxy;
			containerPortal = CD33B2661C87312800B4773A /* Project object */;
			proxyType = 1;
			remoteGlobalIDString = CD33B26D1C87312800B4773A;
			remoteInfo = "Accolade Connect";
		};
/* End PBXContainerItemProxy section */

/* Begin PBXFileReference section */
		151578D7B0C24F06805E9F75 /* Pods-Accolade Connect.debug.xcconfig */ = {isa = PBXFileReference; includeInIndex = 1; lastKnownFileType = text.xcconfig; name = "Pods-Accolade Connect.debug.xcconfig"; path = "Pods/Target Support Files/Pods-Accolade Connect/Pods-Accolade Connect.debug.xcconfig"; sourceTree = "<group>"; };
		2E707BE4CAE8F7F83E7E40D1 /* Pods_Accolade_Connect.framework */ = {isa = PBXFileReference; explicitFileType = wrapper.framework; includeInIndex = 0; path = Pods_Accolade_Connect.framework; sourceTree = BUILT_PRODUCTS_DIR; };
		9F4DDA72B7A6677D11264BDD /* Pods-Accolade Connect.release.xcconfig */ = {isa = PBXFileReference; includeInIndex = 1; lastKnownFileType = text.xcconfig; name = "Pods-Accolade Connect.release.xcconfig"; path = "Pods/Target Support Files/Pods-Accolade Connect/Pods-Accolade Connect.release.xcconfig"; sourceTree = "<group>"; };
		CD33B26E1C87312800B4773A /* Accolade Connect.app */ = {isa = PBXFileReference; explicitFileType = wrapper.application; includeInIndex = 0; path = "Accolade Connect.app"; sourceTree = BUILT_PRODUCTS_DIR; };
		CD33B2711C87312800B4773A /* AppDelegate.swift */ = {isa = PBXFileReference; lastKnownFileType = sourcecode.swift; path = AppDelegate.swift; sourceTree = "<group>"; };
		CD33B2761C87312800B4773A /* Base */ = {isa = PBXFileReference; lastKnownFileType = file.storyboard; name = Base; path = Base.lproj/Main.storyboard; sourceTree = "<group>"; };
		CD33B2781C87312800B4773A /* Assets.xcassets */ = {isa = PBXFileReference; lastKnownFileType = folder.assetcatalog; path = Assets.xcassets; sourceTree = "<group>"; };
		CD33B27B1C87312800B4773A /* Base */ = {isa = PBXFileReference; lastKnownFileType = file.storyboard; name = Base; path = Base.lproj/LaunchScreen.storyboard; sourceTree = "<group>"; };
		CD33B27D1C87312800B4773A /* Info.plist */ = {isa = PBXFileReference; lastKnownFileType = text.plist.xml; path = Info.plist; sourceTree = "<group>"; };
		CD33B2821C87312800B4773A /* Accolade ConnectTests.xctest */ = {isa = PBXFileReference; explicitFileType = wrapper.cfbundle; includeInIndex = 0; path = "Accolade ConnectTests.xctest"; sourceTree = BUILT_PRODUCTS_DIR; };
		CD33B2861C87312800B4773A /* Accolade_ConnectTests.swift */ = {isa = PBXFileReference; lastKnownFileType = sourcecode.swift; path = Accolade_ConnectTests.swift; sourceTree = "<group>"; };
		CD33B2881C87312800B4773A /* Info.plist */ = {isa = PBXFileReference; lastKnownFileType = text.plist.xml; path = Info.plist; sourceTree = "<group>"; };
		CD33B28D1C87312800B4773A /* Accolade ConnectUITests.xctest */ = {isa = PBXFileReference; explicitFileType = wrapper.cfbundle; includeInIndex = 0; path = "Accolade ConnectUITests.xctest"; sourceTree = BUILT_PRODUCTS_DIR; };
		CD33B2911C87312800B4773A /* Accolade_ConnectUITests.swift */ = {isa = PBXFileReference; lastKnownFileType = sourcecode.swift; path = Accolade_ConnectUITests.swift; sourceTree = "<group>"; };
		CD33B2931C87312800B4773A /* Info.plist */ = {isa = PBXFileReference; lastKnownFileType = text.plist.xml; path = Info.plist; sourceTree = "<group>"; };
		CD33B2A41C8732FF00B4773A /* ClientMainController.swift */ = {isa = PBXFileReference; fileEncoding = 4; lastKnownFileType = sourcecode.swift; path = ClientMainController.swift; sourceTree = "<group>"; };
		CD33B2A51C8732FF00B4773A /* LoginController.swift */ = {isa = PBXFileReference; fileEncoding = 4; lastKnownFileType = sourcecode.swift; path = LoginController.swift; sourceTree = "<group>"; };
		CD33B2A61C8732FF00B4773A /* SignupController.swift */ = {isa = PBXFileReference; fileEncoding = 4; lastKnownFileType = sourcecode.swift; path = SignupController.swift; sourceTree = "<group>"; };
		CD33B2AB1C87338A00B4773A /* DataService.swift */ = {isa = PBXFileReference; fileEncoding = 4; lastKnownFileType = sourcecode.swift; path = DataService.swift; sourceTree = "<group>"; };
		CD33B2AF1C8733AE00B4773A /* Constants.swift */ = {isa = PBXFileReference; fileEncoding = 4; lastKnownFileType = sourcecode.swift; path = Constants.swift; sourceTree = "<group>"; };
		CD33B2B11C87B85800B4773A /* SessionManager.swift */ = {isa = PBXFileReference; fileEncoding = 4; lastKnownFileType = sourcecode.swift; path = SessionManager.swift; sourceTree = "<group>"; };
		CD33B2B51C87CA0300B4773A /* UserProfile.swift */ = {isa = PBXFileReference; fileEncoding = 4; lastKnownFileType = sourcecode.swift; path = UserProfile.swift; sourceTree = "<group>"; };
		CD33B2B71C87D44B00B4773A /* HAProfile.swift */ = {isa = PBXFileReference; fileEncoding = 4; lastKnownFileType = sourcecode.swift; path = HAProfile.swift; sourceTree = "<group>"; };
		CD33B2BA1C8F08D400B4773A /* UITextView+Utility.swift */ = {isa = PBXFileReference; fileEncoding = 4; lastKnownFileType = sourcecode.swift; path = "UITextView+Utility.swift"; sourceTree = "<group>"; };
		CD33B2BD1C9371D400B4773A /* HAMainController.swift */ = {isa = PBXFileReference; fileEncoding = 4; lastKnownFileType = sourcecode.swift; path = HAMainController.swift; sourceTree = "<group>"; };
		CD33B2C01C94D51100B4773A /* DK Keswick.otf */ = {isa = PBXFileReference; lastKnownFileType = file; name = "DK Keswick.otf"; path = "../../../../../Downloads/dk_keswick/DK Keswick.otf"; sourceTree = "<group>"; };
		CD7FC3661C9EFBAC007B4AA1 /* MessageController.swift */ = {isa = PBXFileReference; fileEncoding = 4; lastKnownFileType = sourcecode.swift; path = MessageController.swift; sourceTree = "<group>"; };
		CD7FC3681C9EFC38007B4AA1 /* ChatMessage.swift */ = {isa = PBXFileReference; fileEncoding = 4; lastKnownFileType = sourcecode.swift; path = ChatMessage.swift; sourceTree = "<group>"; };
		CD7FC36B1C9F6C85007B4AA1 /* DataProcessorTests.swift */ = {isa = PBXFileReference; fileEncoding = 4; lastKnownFileType = sourcecode.swift; path = DataProcessorTests.swift; sourceTree = "<group>"; };
/* End PBXFileReference section */

/* Begin PBXFrameworksBuildPhase section */
		CD33B26B1C87312800B4773A /* Frameworks */ = {
			isa = PBXFrameworksBuildPhase;
			buildActionMask = 2147483647;
			files = (
				282D75C9F3DEFB5C28418E02 /* Pods_Accolade_Connect.framework in Frameworks */,
			);
			runOnlyForDeploymentPostprocessing = 0;
		};
		CD33B27F1C87312800B4773A /* Frameworks */ = {
			isa = PBXFrameworksBuildPhase;
			buildActionMask = 2147483647;
			files = (
			);
			runOnlyForDeploymentPostprocessing = 0;
		};
		CD33B28A1C87312800B4773A /* Frameworks */ = {
			isa = PBXFrameworksBuildPhase;
			buildActionMask = 2147483647;
			files = (
			);
			runOnlyForDeploymentPostprocessing = 0;
		};
/* End PBXFrameworksBuildPhase section */

/* Begin PBXGroup section */
		648BDDC610692ED6D2F0F2C2 /* Frameworks */ = {
			isa = PBXGroup;
			children = (
				2E707BE4CAE8F7F83E7E40D1 /* Pods_Accolade_Connect.framework */,
			);
			name = Frameworks;
			sourceTree = "<group>";
		};
		CD33B2651C87312800B4773A = {
			isa = PBXGroup;
			children = (
				CD33B2701C87312800B4773A /* Accolade Connect */,
				CD33B2851C87312800B4773A /* Accolade ConnectTests */,
				CD33B2901C87312800B4773A /* Accolade ConnectUITests */,
				CD33B26F1C87312800B4773A /* Products */,
				D75C66A08949289B7CD23434 /* Pods */,
				648BDDC610692ED6D2F0F2C2 /* Frameworks */,
			);
			sourceTree = "<group>";
		};
		CD33B26F1C87312800B4773A /* Products */ = {
			isa = PBXGroup;
			children = (
				CD33B26E1C87312800B4773A /* Accolade Connect.app */,
				CD33B2821C87312800B4773A /* Accolade ConnectTests.xctest */,
				CD33B28D1C87312800B4773A /* Accolade ConnectUITests.xctest */,
			);
			name = Products;
			sourceTree = "<group>";
		};
		CD33B2701C87312800B4773A /* Accolade Connect */ = {
			isa = PBXGroup;
			children = (
				CD33B2BF1C94D4EA00B4773A /* Resources */,
				CD33B2B91C8F088D00B4773A /* Extensions */,
				CD33B2B31C87C9CF00B4773A /* Data */,
				CD33B2AA1C87338A00B4773A /* Services */,
				CD33B2A21C8732FF00B4773A /* UI */,
				CD33B2711C87312800B4773A /* AppDelegate.swift */,
				CD33B2751C87312800B4773A /* Main.storyboard */,
				CD33B2781C87312800B4773A /* Assets.xcassets */,
				CD33B27A1C87312800B4773A /* LaunchScreen.storyboard */,
				CD33B27D1C87312800B4773A /* Info.plist */,
			);
			path = "Accolade Connect";
			sourceTree = "<group>";
		};
		CD33B2851C87312800B4773A /* Accolade ConnectTests */ = {
			isa = PBXGroup;
			children = (
				CD33B2861C87312800B4773A /* Accolade_ConnectTests.swift */,
				CD33B2881C87312800B4773A /* Info.plist */,
				CD7FC36B1C9F6C85007B4AA1 /* DataProcessorTests.swift */,
			);
			path = "Accolade ConnectTests";
			sourceTree = "<group>";
		};
		CD33B2901C87312800B4773A /* Accolade ConnectUITests */ = {
			isa = PBXGroup;
			children = (
				CD33B2911C87312800B4773A /* Accolade_ConnectUITests.swift */,
				CD33B2931C87312800B4773A /* Info.plist */,
			);
			path = "Accolade ConnectUITests";
			sourceTree = "<group>";
		};
		CD33B2A21C8732FF00B4773A /* UI */ = {
			isa = PBXGroup;
			children = (
				CD33B2A31C8732FF00B4773A /* Controllers */,
			);
			path = UI;
			sourceTree = "<group>";
		};
		CD33B2A31C8732FF00B4773A /* Controllers */ = {
			isa = PBXGroup;
			children = (
				CD33B2A41C8732FF00B4773A /* ClientMainController.swift */,
				CD33B2A51C8732FF00B4773A /* LoginController.swift */,
				CD33B2A61C8732FF00B4773A /* SignupController.swift */,
				CD33B2BD1C9371D400B4773A /* HAMainController.swift */,
				CD7FC3661C9EFBAC007B4AA1 /* MessageController.swift */,
			);
			path = Controllers;
			sourceTree = "<group>";
		};
		CD33B2AA1C87338A00B4773A /* Services */ = {
			isa = PBXGroup;
			children = (
				CD33B2AF1C8733AE00B4773A /* Constants.swift */,
				CD33B2AB1C87338A00B4773A /* DataService.swift */,
				CD33B2B11C87B85800B4773A /* SessionManager.swift */,
			);
			path = Services;
			sourceTree = "<group>";
		};
		CD33B2B31C87C9CF00B4773A /* Data */ = {
			isa = PBXGroup;
			children = (
				CD33B2B41C87C9E500B4773A /* Entities */,
			);
			path = Data;
			sourceTree = "<group>";
		};
		CD33B2B41C87C9E500B4773A /* Entities */ = {
			isa = PBXGroup;
			children = (
				CD33B2B51C87CA0300B4773A /* UserProfile.swift */,
				CD33B2B71C87D44B00B4773A /* HAProfile.swift */,
				CD7FC3681C9EFC38007B4AA1 /* ChatMessage.swift */,
			);
			path = Entities;
			sourceTree = "<group>";
		};
		CD33B2B91C8F088D00B4773A /* Extensions */ = {
			isa = PBXGroup;
			children = (
				CD33B2BA1C8F08D400B4773A /* UITextView+Utility.swift */,
			);
			path = Extensions;
			sourceTree = "<group>";
		};
		CD33B2BF1C94D4EA00B4773A /* Resources */ = {
			isa = PBXGroup;
			children = (
				CD33B2C01C94D51100B4773A /* DK Keswick.otf */,
			);
			path = Resources;
			sourceTree = "<group>";
		};
		D75C66A08949289B7CD23434 /* Pods */ = {
			isa = PBXGroup;
			children = (
				151578D7B0C24F06805E9F75 /* Pods-Accolade Connect.debug.xcconfig */,
				9F4DDA72B7A6677D11264BDD /* Pods-Accolade Connect.release.xcconfig */,
			);
			name = Pods;
			sourceTree = "<group>";
		};
/* End PBXGroup section */

/* Begin PBXHeadersBuildPhase section */
		CD383FDD1C98E7AE00E1F800 /* Headers */ = {
			isa = PBXHeadersBuildPhase;
			buildActionMask = 2147483647;
			files = (
			);
			runOnlyForDeploymentPostprocessing = 0;
		};
/* End PBXHeadersBuildPhase section */

/* Begin PBXNativeTarget section */
		CD33B26D1C87312800B4773A /* Accolade Connect */ = {
			isa = PBXNativeTarget;
			buildConfigurationList = CD33B2961C87312800B4773A /* Build configuration list for PBXNativeTarget "Accolade Connect" */;
			buildPhases = (
				E6BCAB0ACD7AA96AEF9D6BCF /* Check Pods Manifest.lock */,
				CD33B26A1C87312800B4773A /* Sources */,
				CD33B26B1C87312800B4773A /* Frameworks */,
				CD33B26C1C87312800B4773A /* Resources */,
				772D8CB26526978424C5F9EF /* Embed Pods Frameworks */,
				CC218FD0050A363BAB3E9286 /* Copy Pods Resources */,
				CD383FDD1C98E7AE00E1F800 /* Headers */,
			);
			buildRules = (
			);
			dependencies = (
			);
			name = "Accolade Connect";
			productName = "Accolade Connect";
			productReference = CD33B26E1C87312800B4773A /* Accolade Connect.app */;
			productType = "com.apple.product-type.application";
		};
		CD33B2811C87312800B4773A /* Accolade ConnectTests */ = {
			isa = PBXNativeTarget;
			buildConfigurationList = CD33B2991C87312800B4773A /* Build configuration list for PBXNativeTarget "Accolade ConnectTests" */;
			buildPhases = (
				CD33B27E1C87312800B4773A /* Sources */,
				CD33B27F1C87312800B4773A /* Frameworks */,
				CD33B2801C87312800B4773A /* Resources */,
			);
			buildRules = (
			);
			dependencies = (
				CD33B2841C87312800B4773A /* PBXTargetDependency */,
			);
			name = "Accolade ConnectTests";
			productName = "Accolade ConnectTests";
			productReference = CD33B2821C87312800B4773A /* Accolade ConnectTests.xctest */;
			productType = "com.apple.product-type.bundle.unit-test";
		};
		CD33B28C1C87312800B4773A /* Accolade ConnectUITests */ = {
			isa = PBXNativeTarget;
			buildConfigurationList = CD33B29C1C87312800B4773A /* Build configuration list for PBXNativeTarget "Accolade ConnectUITests" */;
			buildPhases = (
				CD33B2891C87312800B4773A /* Sources */,
				CD33B28A1C87312800B4773A /* Frameworks */,
				CD33B28B1C87312800B4773A /* Resources */,
			);
			buildRules = (
			);
			dependencies = (
				CD33B28F1C87312800B4773A /* PBXTargetDependency */,
			);
			name = "Accolade ConnectUITests";
			productName = "Accolade ConnectUITests";
			productReference = CD33B28D1C87312800B4773A /* Accolade ConnectUITests.xctest */;
			productType = "com.apple.product-type.bundle.ui-testing";
		};
/* End PBXNativeTarget section */

/* Begin PBXProject section */
		CD33B2661C87312800B4773A /* Project object */ = {
			isa = PBXProject;
			attributes = {
				LastSwiftUpdateCheck = 0720;
				LastUpgradeCheck = 0720;
				ORGANIZATIONNAME = Accolade;
				TargetAttributes = {
					CD33B26D1C87312800B4773A = {
						CreatedOnToolsVersion = 7.2.1;
						DevelopmentTeam = H7DWGCEC6X;
					};
					CD33B2811C87312800B4773A = {
						CreatedOnToolsVersion = 7.2.1;
						TestTargetID = CD33B26D1C87312800B4773A;
					};
					CD33B28C1C87312800B4773A = {
						CreatedOnToolsVersion = 7.2.1;
						TestTargetID = CD33B26D1C87312800B4773A;
					};
				};
			};
			buildConfigurationList = CD33B2691C87312800B4773A /* Build configuration list for PBXProject "Accolade Connect" */;
			compatibilityVersion = "Xcode 3.2";
			developmentRegion = English;
			hasScannedForEncodings = 0;
			knownRegions = (
				en,
				Base,
			);
			mainGroup = CD33B2651C87312800B4773A;
			productRefGroup = CD33B26F1C87312800B4773A /* Products */;
			projectDirPath = "";
			projectRoot = "";
			targets = (
				CD33B26D1C87312800B4773A /* Accolade Connect */,
				CD33B2811C87312800B4773A /* Accolade ConnectTests */,
				CD33B28C1C87312800B4773A /* Accolade ConnectUITests */,
			);
		};
/* End PBXProject section */

/* Begin PBXResourcesBuildPhase section */
		CD33B26C1C87312800B4773A /* Resources */ = {
			isa = PBXResourcesBuildPhase;
			buildActionMask = 2147483647;
			files = (
				CD33B27C1C87312800B4773A /* LaunchScreen.storyboard in Resources */,
				CD33B2C11C94D51100B4773A /* DK Keswick.otf in Resources */,
				CD33B2791C87312800B4773A /* Assets.xcassets in Resources */,
				CD33B2771C87312800B4773A /* Main.storyboard in Resources */,
			);
			runOnlyForDeploymentPostprocessing = 0;
		};
		CD33B2801C87312800B4773A /* Resources */ = {
			isa = PBXResourcesBuildPhase;
			buildActionMask = 2147483647;
			files = (
			);
			runOnlyForDeploymentPostprocessing = 0;
		};
		CD33B28B1C87312800B4773A /* Resources */ = {
			isa = PBXResourcesBuildPhase;
			buildActionMask = 2147483647;
			files = (
			);
			runOnlyForDeploymentPostprocessing = 0;
		};
/* End PBXResourcesBuildPhase section */

/* Begin PBXShellScriptBuildPhase section */
		772D8CB26526978424C5F9EF /* Embed Pods Frameworks */ = {
			isa = PBXShellScriptBuildPhase;
			buildActionMask = 2147483647;
			files = (
			);
			inputPaths = (
			);
			name = "Embed Pods Frameworks";
			outputPaths = (
			);
			runOnlyForDeploymentPostprocessing = 0;
			shellPath = /bin/sh;
			shellScript = "\"${SRCROOT}/Pods/Target Support Files/Pods-Accolade Connect/Pods-Accolade Connect-frameworks.sh\"\n";
			showEnvVarsInLog = 0;
		};
		CC218FD0050A363BAB3E9286 /* Copy Pods Resources */ = {
			isa = PBXShellScriptBuildPhase;
			buildActionMask = 2147483647;
			files = (
			);
			inputPaths = (
			);
			name = "Copy Pods Resources";
			outputPaths = (
			);
			runOnlyForDeploymentPostprocessing = 0;
			shellPath = /bin/sh;
			shellScript = "\"${SRCROOT}/Pods/Target Support Files/Pods-Accolade Connect/Pods-Accolade Connect-resources.sh\"\n";
			showEnvVarsInLog = 0;
		};
		E6BCAB0ACD7AA96AEF9D6BCF /* Check Pods Manifest.lock */ = {
			isa = PBXShellScriptBuildPhase;
			buildActionMask = 2147483647;
			files = (
			);
			inputPaths = (
			);
			name = "Check Pods Manifest.lock";
			outputPaths = (
			);
			runOnlyForDeploymentPostprocessing = 0;
			shellPath = /bin/sh;
			shellScript = "diff \"${PODS_ROOT}/../Podfile.lock\" \"${PODS_ROOT}/Manifest.lock\" > /dev/null\nif [[ $? != 0 ]] ; then\n    cat << EOM\nerror: The sandbox is not in sync with the Podfile.lock. Run 'pod install' or update your CocoaPods installation.\nEOM\n    exit 1\nfi\n";
			showEnvVarsInLog = 0;
		};
/* End PBXShellScriptBuildPhase section */

/* Begin PBXSourcesBuildPhase section */
		CD33B26A1C87312800B4773A /* Sources */ = {
			isa = PBXSourcesBuildPhase;
			buildActionMask = 2147483647;
			files = (
				CD33B2A71C8732FF00B4773A /* ClientMainController.swift in Sources */,
				CD33B2A81C8732FF00B4773A /* LoginController.swift in Sources */,
				CD7FC3691C9EFC38007B4AA1 /* ChatMessage.swift in Sources */,
				CD33B2721C87312800B4773A /* AppDelegate.swift in Sources */,
				CD33B2B81C87D44B00B4773A /* HAProfile.swift in Sources */,
				CD33B2BB1C8F08D400B4773A /* UITextView+Utility.swift in Sources */,
				CD33B2BE1C9371D400B4773A /* HAMainController.swift in Sources */,
				CD33B2A91C8732FF00B4773A /* SignupController.swift in Sources */,
				CD7FC3671C9EFBAC007B4AA1 /* MessageController.swift in Sources */,
				CD33B2B61C87CA0300B4773A /* UserProfile.swift in Sources */,
				CD33B2AC1C87338A00B4773A /* DataService.swift in Sources */,
				CD33B2B01C8733AE00B4773A /* Constants.swift in Sources */,
				CD33B2B21C87B85800B4773A /* SessionManager.swift in Sources */,
			);
			runOnlyForDeploymentPostprocessing = 0;
		};
		CD33B27E1C87312800B4773A /* Sources */ = {
			isa = PBXSourcesBuildPhase;
			buildActionMask = 2147483647;
			files = (
				CD7FC36C1C9F6C85007B4AA1 /* DataProcessorTests.swift in Sources */,
				CD33B2871C87312800B4773A /* Accolade_ConnectTests.swift in Sources */,
			);
			runOnlyForDeploymentPostprocessing = 0;
		};
		CD33B2891C87312800B4773A /* Sources */ = {
			isa = PBXSourcesBuildPhase;
			buildActionMask = 2147483647;
			files = (
				CD33B2921C87312800B4773A /* Accolade_ConnectUITests.swift in Sources */,
			);
			runOnlyForDeploymentPostprocessing = 0;
		};
/* End PBXSourcesBuildPhase section */

/* Begin PBXTargetDependency section */
		CD33B2841C87312800B4773A /* PBXTargetDependency */ = {
			isa = PBXTargetDependency;
			target = CD33B26D1C87312800B4773A /* Accolade Connect */;
			targetProxy = CD33B2831C87312800B4773A /* PBXContainerItemProxy */;
		};
		CD33B28F1C87312800B4773A /* PBXTargetDependency */ = {
			isa = PBXTargetDependency;
			target = CD33B26D1C87312800B4773A /* Accolade Connect */;
			targetProxy = CD33B28E1C87312800B4773A /* PBXContainerItemProxy */;
		};
/* End PBXTargetDependency section */

/* Begin PBXVariantGroup section */
		CD33B2751C87312800B4773A /* Main.storyboard */ = {
			isa = PBXVariantGroup;
			children = (
				CD33B2761C87312800B4773A /* Base */,
			);
			name = Main.storyboard;
			sourceTree = "<group>";
		};
		CD33B27A1C87312800B4773A /* LaunchScreen.storyboard */ = {
			isa = PBXVariantGroup;
			children = (
				CD33B27B1C87312800B4773A /* Base */,
			);
			name = LaunchScreen.storyboard;
			sourceTree = "<group>";
		};
/* End PBXVariantGroup section */

/* Begin XCBuildConfiguration section */
		CD33B2941C87312800B4773A /* Debug */ = {
			isa = XCBuildConfiguration;
			buildSettings = {
				ALWAYS_SEARCH_USER_PATHS = NO;
				CLANG_CXX_LANGUAGE_STANDARD = "gnu++0x";
				CLANG_CXX_LIBRARY = "libc++";
				CLANG_ENABLE_MODULES = YES;
				CLANG_ENABLE_OBJC_ARC = YES;
				CLANG_WARN_BOOL_CONVERSION = YES;
				CLANG_WARN_CONSTANT_CONVERSION = YES;
				CLANG_WARN_DIRECT_OBJC_ISA_USAGE = YES_ERROR;
				CLANG_WARN_EMPTY_BODY = YES;
				CLANG_WARN_ENUM_CONVERSION = YES;
				CLANG_WARN_INT_CONVERSION = YES;
				CLANG_WARN_OBJC_ROOT_CLASS = YES_ERROR;
				CLANG_WARN_UNREACHABLE_CODE = YES;
				CLANG_WARN__DUPLICATE_METHOD_MATCH = YES;
				"CODE_SIGN_IDENTITY[sdk=iphoneos*]" = "iPhone Developer";
				COPY_PHASE_STRIP = NO;
				DEBUG_INFORMATION_FORMAT = dwarf;
				ENABLE_STRICT_OBJC_MSGSEND = YES;
				ENABLE_TESTABILITY = YES;
				GCC_C_LANGUAGE_STANDARD = gnu99;
				GCC_DYNAMIC_NO_PIC = NO;
				GCC_NO_COMMON_BLOCKS = YES;
				GCC_OPTIMIZATION_LEVEL = 0;
				GCC_PREPROCESSOR_DEFINITIONS = (
					"DEBUG=1",
					"$(inherited)",
				);
				GCC_WARN_64_TO_32_BIT_CONVERSION = YES;
				GCC_WARN_ABOUT_RETURN_TYPE = YES_ERROR;
				GCC_WARN_UNDECLARED_SELECTOR = YES;
				GCC_WARN_UNINITIALIZED_AUTOS = YES_AGGRESSIVE;
				GCC_WARN_UNUSED_FUNCTION = YES;
				GCC_WARN_UNUSED_VARIABLE = YES;
				IPHONEOS_DEPLOYMENT_TARGET = 9.2;
				MTL_ENABLE_DEBUG_INFO = YES;
				ONLY_ACTIVE_ARCH = YES;
				SDKROOT = iphoneos;
				SWIFT_OPTIMIZATION_LEVEL = "-Onone";
			};
			name = Debug;
		};
		CD33B2951C87312800B4773A /* Release */ = {
			isa = XCBuildConfiguration;
			buildSettings = {
				ALWAYS_SEARCH_USER_PATHS = NO;
				CLANG_CXX_LANGUAGE_STANDARD = "gnu++0x";
				CLANG_CXX_LIBRARY = "libc++";
				CLANG_ENABLE_MODULES = YES;
				CLANG_ENABLE_OBJC_ARC = YES;
				CLANG_WARN_BOOL_CONVERSION = YES;
				CLANG_WARN_CONSTANT_CONVERSION = YES;
				CLANG_WARN_DIRECT_OBJC_ISA_USAGE = YES_ERROR;
				CLANG_WARN_EMPTY_BODY = YES;
				CLANG_WARN_ENUM_CONVERSION = YES;
				CLANG_WARN_INT_CONVERSION = YES;
				CLANG_WARN_OBJC_ROOT_CLASS = YES_ERROR;
				CLANG_WARN_UNREACHABLE_CODE = YES;
				CLANG_WARN__DUPLICATE_METHOD_MATCH = YES;
				"CODE_SIGN_IDENTITY[sdk=iphoneos*]" = "iPhone Developer";
				COPY_PHASE_STRIP = NO;
				DEBUG_INFORMATION_FORMAT = "dwarf-with-dsym";
				ENABLE_NS_ASSERTIONS = NO;
				ENABLE_STRICT_OBJC_MSGSEND = YES;
				GCC_C_LANGUAGE_STANDARD = gnu99;
				GCC_NO_COMMON_BLOCKS = YES;
				GCC_WARN_64_TO_32_BIT_CONVERSION = YES;
				GCC_WARN_ABOUT_RETURN_TYPE = YES_ERROR;
				GCC_WARN_UNDECLARED_SELECTOR = YES;
				GCC_WARN_UNINITIALIZED_AUTOS = YES_AGGRESSIVE;
				GCC_WARN_UNUSED_FUNCTION = YES;
				GCC_WARN_UNUSED_VARIABLE = YES;
				IPHONEOS_DEPLOYMENT_TARGET = 9.2;
				MTL_ENABLE_DEBUG_INFO = NO;
				SDKROOT = iphoneos;
				VALIDATE_PRODUCT = YES;
			};
			name = Release;
		};
		CD33B2971C87312800B4773A /* Debug */ = {
			isa = XCBuildConfiguration;
			baseConfigurationReference = 151578D7B0C24F06805E9F75 /* Pods-Accolade Connect.debug.xcconfig */;
			buildSettings = {
				ASSETCATALOG_COMPILER_APPICON_NAME = AppIcon;
				CODE_SIGN_IDENTITY = "iPhone Developer";
				"CODE_SIGN_IDENTITY[sdk=iphoneos*]" = "iPhone Developer";
				FRAMEWORK_SEARCH_PATHS = (
					"$(inherited)",
					"$(PROJECT_DIR)",
				);
				HEADER_SEARCH_PATHS = "";
				INFOPLIST_FILE = "Accolade Connect/Info.plist";
				LD_RUNPATH_SEARCH_PATHS = "$(inherited) @executable_path/Frameworks";
				LIBRARY_SEARCH_PATHS = (
					"$(inherited)",
					"$(PROJECT_DIR)/Accolade",
					Connect/Resources,
				);
				PRODUCT_BUNDLE_IDENTIFIER = "com.accolade.Accolade-Connect";
				PRODUCT_NAME = "$(TARGET_NAME)";
				PROVISIONING_PROFILE = "";
				SWIFT_OBJC_BRIDGING_HEADER = "";
			};
			name = Debug;
		};
		CD33B2981C87312800B4773A /* Release */ = {
			isa = XCBuildConfiguration;
			baseConfigurationReference = 9F4DDA72B7A6677D11264BDD /* Pods-Accolade Connect.release.xcconfig */;
			buildSettings = {
				ASSETCATALOG_COMPILER_APPICON_NAME = AppIcon;
				CODE_SIGN_IDENTITY = "iPhone Developer";
				"CODE_SIGN_IDENTITY[sdk=iphoneos*]" = "iPhone Developer";
				FRAMEWORK_SEARCH_PATHS = (
					"$(inherited)",
					"$(PROJECT_DIR)",
				);
				HEADER_SEARCH_PATHS = "";
				INFOPLIST_FILE = "Accolade Connect/Info.plist";
				LD_RUNPATH_SEARCH_PATHS = "$(inherited) @executable_path/Frameworks";
				LIBRARY_SEARCH_PATHS = (
					"$(inherited)",
					"$(PROJECT_DIR)/Accolade",
					Connect/Resources,
				);
				PRODUCT_BUNDLE_IDENTIFIER = "com.accolade.Accolade-Connect";
				PRODUCT_NAME = "$(TARGET_NAME)";
				PROVISIONING_PROFILE = "";
				SWIFT_OBJC_BRIDGING_HEADER = "";
			};
			name = Release;
		};
		CD33B29A1C87312800B4773A /* Debug */ = {
			isa = XCBuildConfiguration;
			buildSettings = {
				BUNDLE_LOADER = "$(TEST_HOST)";
				INFOPLIST_FILE = "Accolade ConnectTests/Info.plist";
				LD_RUNPATH_SEARCH_PATHS = "$(inherited) @executable_path/Frameworks @loader_path/Frameworks";
				PRODUCT_BUNDLE_IDENTIFIER = "com.accolade.Accolade-ConnectTests";
				PRODUCT_NAME = "$(TARGET_NAME)";
				TEST_HOST = "$(BUILT_PRODUCTS_DIR)/Accolade Connect.app/Accolade Connect";
			};
			name = Debug;
		};
		CD33B29B1C87312800B4773A /* Release */ = {
			isa = XCBuildConfiguration;
			buildSettings = {
				BUNDLE_LOADER = "$(TEST_HOST)";
				INFOPLIST_FILE = "Accolade ConnectTests/Info.plist";
				LD_RUNPATH_SEARCH_PATHS = "$(inherited) @executable_path/Frameworks @loader_path/Frameworks";
				PRODUCT_BUNDLE_IDENTIFIER = "com.accolade.Accolade-ConnectTests";
				PRODUCT_NAME = "$(TARGET_NAME)";
				TEST_HOST = "$(BUILT_PRODUCTS_DIR)/Accolade Connect.app/Accolade Connect";
			};
			name = Release;
		};
		CD33B29D1C87312800B4773A /* Debug */ = {
			isa = XCBuildConfiguration;
			buildSettings = {
				INFOPLIST_FILE = "Accolade ConnectUITests/Info.plist";
				LD_RUNPATH_SEARCH_PATHS = "$(inherited) @executable_path/Frameworks @loader_path/Frameworks";
				PRODUCT_BUNDLE_IDENTIFIER = "com.accolade.Accolade-ConnectUITests";
				PRODUCT_NAME = "$(TARGET_NAME)";
				TEST_TARGET_NAME = "Accolade Connect";
				USES_XCTRUNNER = YES;
			};
			name = Debug;
		};
		CD33B29E1C87312800B4773A /* Release */ = {
			isa = XCBuildConfiguration;
			buildSettings = {
				INFOPLIST_FILE = "Accolade ConnectUITests/Info.plist";
				LD_RUNPATH_SEARCH_PATHS = "$(inherited) @executable_path/Frameworks @loader_path/Frameworks";
				PRODUCT_BUNDLE_IDENTIFIER = "com.accolade.Accolade-ConnectUITests";
				PRODUCT_NAME = "$(TARGET_NAME)";
				TEST_TARGET_NAME = "Accolade Connect";
				USES_XCTRUNNER = YES;
			};
			name = Release;
		};
/* End XCBuildConfiguration section */

/* Begin XCConfigurationList section */
		CD33B2691C87312800B4773A /* Build configuration list for PBXProject "Accolade Connect" */ = {
			isa = XCConfigurationList;
			buildConfigurations = (
				CD33B2941C87312800B4773A /* Debug */,
				CD33B2951C87312800B4773A /* Release */,
			);
			defaultConfigurationIsVisible = 0;
			defaultConfigurationName = Release;
		};
		CD33B2961C87312800B4773A /* Build configuration list for PBXNativeTarget "Accolade Connect" */ = {
			isa = XCConfigurationList;
			buildConfigurations = (
				CD33B2971C87312800B4773A /* Debug */,
				CD33B2981C87312800B4773A /* Release */,
			);
			defaultConfigurationIsVisible = 0;
			defaultConfigurationName = Release;
		};
		CD33B2991C87312800B4773A /* Build configuration list for PBXNativeTarget "Accolade ConnectTests" */ = {
			isa = XCConfigurationList;
			buildConfigurations = (
				CD33B29A1C87312800B4773A /* Debug */,
				CD33B29B1C87312800B4773A /* Release */,
			);
			defaultConfigurationIsVisible = 0;
			defaultConfigurationName = Release;
		};
		CD33B29C1C87312800B4773A /* Build configuration list for PBXNativeTarget "Accolade ConnectUITests" */ = {
			isa = XCConfigurationList;
			buildConfigurations = (
				CD33B29D1C87312800B4773A /* Debug */,
				CD33B29E1C87312800B4773A /* Release */,
			);
			defaultConfigurationIsVisible = 0;
			defaultConfigurationName = Release;
		};
/* End XCConfigurationList section */
	};
	rootObject = CD33B2661C87312800B4773A /* Project object */;
}
